
Microsoft Visual Studio Solution File, Format Version 12.00
Project("{FAE04EC0-301F-11D3-BF4B-00C04F79EFBC}") = "BookService", "BookService.csproj", "{C51CAB66-B995-454D-AAD6-FE5DDB7508EE}"
EndProject
Global
	GlobalSection(SolutionConfigurationPlatforms) = preSolution
		Debug|Any CPU = Debug|Any CPU
		Release|Any CPU = Release|Any CPU
	EndGlobalSection
	GlobalSection(ProjectConfigurationPlatforms) = postSolution
		{C51CAB66-B995-454D-AAD6-FE5DDB7508EE}.Debug|Any CPU.ActiveCfg = Debug|Any CPU
		{C51CAB66-B995-454D-AAD6-FE5DDB7508EE}.Debug|Any CPU.Build.0 = Debug|Any CPU
		{C51CAB66-B995-454D-AAD6-FE5DDB7508EE}.Release|Any CPU.ActiveCfg = Release|Any CPU
		{C51CAB66-B995-454D-AAD6-FE5DDB7508EE}.Release|Any CPU.Build.0 = Release|Any CPU
	EndGlobalSection
EndGlobal
